
Microsoft Visual Studio Solution File, Format Version 12.00
# Visual Studio 15
VisualStudioVersion = 15.0.28307.106
MinimumVisualStudioVersion = 10.0.40219.1
Project("{FAE04EC0-301F-11D3-BF4B-00C04F79EFBC}") = "Text-Client-Server", "Text-Client-Server\Text-Client-Server.csproj", "{4517F3E1-9663-4AC9-A16D-7041B1DBDCC1}"
EndProject
Global
	GlobalSection(SolutionConfigurationPlatforms) = preSolution
		Debug|Any CPU = Debug|Any CPU
		Release|Any CPU = Release|Any CPU
	EndGlobalSection
	GlobalSection(ProjectConfigurationPlatforms) = postSolution
		{4517F3E1-9663-4AC9-A16D-7041B1DBDCC1}.Debug|Any CPU.ActiveCfg = Debug|Any CPU
		{4517F3E1-9663-4AC9-A16D-7041B1DBDCC1}.Debug|Any CPU.Build.0 = Debug|Any CPU
		{4517F3E1-9663-4AC9-A16D-7041B1DBDCC1}.Release|Any CPU.ActiveCfg = Release|Any CPU
		{4517F3E1-9663-4AC9-A16D-7041B1DBDCC1}.Release|Any CPU.Build.0 = Release|Any CPU
	EndGlobalSection
	GlobalSection(SolutionProperties) = preSolution
		HideSolutionNode = FALSE
	EndGlobalSection
	GlobalSection(ExtensibilityGlobals) = postSolution
		SolutionGuid = {D3451026-A625-4496-94AD-A4EF9757F093}
	EndGlobalSection
EndGlobal
